{
  "version": 4,
  "terraform_version": "1.0.2",
  "serial": 17,
  "lineage": "84b6dfd2-6cfd-8848-7f41-4beb70c2a039",
  "outputs": {
    "autonomous_data_warehouse_admin_password": {
      "value": "_5bgAZRzXHl0",
      "type": "string"
    },
    "goldengate_admin_password": {
      "value": "CIn_4gsorOMb",
      "type": "string"
    }
  },
  "resources": [
    {
      "mode": "data",
      "type": "oci_core_services",
      "name": "dev_services",
      "provider": "provider[\"registry.terraform.io/hashicorp/oci\"]",
      "instances": [
        {
          "schema_version": 0,
          "attributes": {
            "filter": null,
            "id": "CoreServicesDataSource-0",
            "services": [
              {
                "cidr_block": "oci-jnb-objectstorage",
                "description": "OCI JNB Object Storage",
                "id": "ocid1.service.oc1.af-johannesburg-1.aaaaaaaacmna2tldrco7xdysd3c67eslvdpofrkrd2e3sbb4n4x4ldnad7iq",
                "name": "OCI JNB Object Storage"
              },
              {
                "cidr_block": "all-jnb-services-in-oracle-services-network",
                "description": "All JNB Services In Oracle Services Network",
                "id": "ocid1.service.oc1.af-johannesburg-1.aaaaaaaautgvdbz6cqm7fw5og56g7ytwsbf2uuhtygnom7bpbqvwh6x42b6q",
                "name": "All JNB Services In Oracle Services Network"
              }
            ]
          },
          "sensitive_attributes": []
        }
      ]
    },
    {
      "mode": "data",
      "type": "oci_database_autonomous_databases",
      "name": "autonomous_data_warehouses",
      "provider": "provider[\"registry.terraform.io/hashicorp/oci\"]",
      "instances": []
    },
    {
      "mode": "data",
      "type": "oci_database_autonomous_db_versions",
      "name": "test_autonomous_dw_versions",
      "provider": "provider[\"registry.terraform.io/hashicorp/oci\"]",
      "instances": [
        {
          "schema_version": 0,
          "attributes": {
            "autonomous_db_versions": [
              {
                "db_workload": "OLTP",
                "details": "www.oracle.com/atp",
                "is_dedicated": false,
                "is_default_for_free": true,
                "is_default_for_paid": true,
                "is_free_tier_enabled": true,
                "is_paid_enabled": true,
                "version": "19c"
              }
            ],
            "compartment_id": "ocid1.compartment.oc1..aaaaaaaaowjsfc2lnzi4solhmeetq6l4qikxfuy5tfqswexoqpc5ndqgfd5a",
            "db_workload": "OLTP",
            "filter": null,
            "id": "DatabaseAutonomousDbVersionsDataSource-3036305219"
          },
          "sensitive_attributes": []
        }
      ]
    },
    {
      "mode": "managed",
      "type": "oci_core_internet_gateway",
      "name": "internet_gateway",
      "provider": "provider[\"registry.terraform.io/hashicorp/oci\"]",
      "instances": [
        {
          "schema_version": 0,
          "attributes": {
            "compartment_id": "ocid1.compartment.oc1..aaaaaaaaowjsfc2lnzi4solhmeetq6l4qikxfuy5tfqswexoqpc5ndqgfd5a",
            "defined_tags": {
              "Oracle-Tags.CreatedBy": "oracleidentitycloudservice/shadab.mohammad@oracle.com",
              "Oracle-Tags.CreatedOn": "2022-05-05T05:28:21.208Z",
              "Oracle-Tags.CreatorType": "user"
            },
            "display_name": "GG_DEV_VCN_InternetGateway",
            "enabled": true,
            "freeform_tags": {},
            "id": "ocid1.internetgateway.oc1.af-johannesburg-1.aaaaaaaajlsqpwwsu7pfe2fquoekechinxxwkzhtveyvty7anwgsb2dsivsq",
            "state": "AVAILABLE",
            "time_created": "2022-05-05 05:28:21.249 +0000 UTC",
            "timeouts": null,
            "vcn_id": "ocid1.vcn.oc1.af-johannesburg-1.amaaaaaap77apcqakp4dlj3tfct2lvww3dhhwb6ryqdosjpuuod2bc4hr7iq"
          },
          "sensitive_attributes": [],
          "private": "eyJlMmJmYjczMC1lY2FhLTExZTYtOGY4OC0zNDM2M2JjN2M0YzAiOnsiY3JlYXRlIjoxMjAwMDAwMDAwMDAwLCJkZWxldGUiOjEyMDAwMDAwMDAwMDAsInVwZGF0ZSI6MTIwMDAwMDAwMDAwMH19",
          "dependencies": [
            "oci_core_vcn.vcn"
          ]
        }
      ]
    },
    {
      "mode": "managed",
      "type": "oci_core_nat_gateway",
      "name": "nat_gateway",
      "provider": "provider[\"registry.terraform.io/hashicorp/oci\"]",
      "instances": [
        {
          "schema_version": 0,
          "attributes": {
            "block_traffic": false,
            "compartment_id": "ocid1.compartment.oc1..aaaaaaaaowjsfc2lnzi4solhmeetq6l4qikxfuy5tfqswexoqpc5ndqgfd5a",
            "defined_tags": {
              "Oracle-Tags.CreatedBy": "oracleidentitycloudservice/shadab.mohammad@oracle.com",
              "Oracle-Tags.CreatedOn": "2022-05-05T05:28:22.739Z",
              "Oracle-Tags.CreatorType": "user"
            },
            "display_name": "GG_DEV_VCN_NatGateway",
            "freeform_tags": {},
            "id": "ocid1.natgateway.oc1.af-johannesburg-1.aaaaaaaatldvxybyvebue467rofhsav4cr22hqfwbor7736lmedwad75y7vq",
            "nat_ip": "129.151.170.16",
            "public_ip_id": "ocid1.publicip.oc1.af-johannesburg-1.aaaaaaaae7jxjxxdxfdfh4spxsp6u5gne6k3efaocq6bacjijgrchb66hzoq",
            "state": "AVAILABLE",
            "time_created": "2022-05-05 05:28:23.029 +0000 UTC",
            "timeouts": null,
            "vcn_id": "ocid1.vcn.oc1.af-johannesburg-1.amaaaaaap77apcqakp4dlj3tfct2lvww3dhhwb6ryqdosjpuuod2bc4hr7iq"
          },
          "sensitive_attributes": [],
          "private": "eyJlMmJmYjczMC1lY2FhLTExZTYtOGY4OC0zNDM2M2JjN2M0YzAiOnsiY3JlYXRlIjoxMjAwMDAwMDAwMDAwLCJkZWxldGUiOjEyMDAwMDAwMDAwMDAsInVwZGF0ZSI6MTIwMDAwMDAwMDAwMH19",
          "dependencies": [
            "oci_core_vcn.vcn"
          ]
        }
      ]
    },
    {
      "mode": "managed",
      "type": "oci_core_route_table",
      "name": "route_table_dev_app_private",
      "provider": "provider[\"registry.terraform.io/hashicorp/oci\"]",
      "instances": [
        {
          "schema_version": 0,
          "attributes": {
            "compartment_id": "ocid1.compartment.oc1..aaaaaaaaowjsfc2lnzi4solhmeetq6l4qikxfuy5tfqswexoqpc5ndqgfd5a",
            "defined_tags": {
              "Oracle-Tags.CreatedBy": "oracleidentitycloudservice/shadab.mohammad@oracle.com",
              "Oracle-Tags.CreatedOn": "2022-05-05T05:28:25.632Z",
              "Oracle-Tags.CreatorType": "user"
            },
            "display_name": "DEV_APP_Private_Subnet_RT",
            "freeform_tags": {},
            "id": "ocid1.routetable.oc1.af-johannesburg-1.aaaaaaaabuxpysuewl6xicrad2ph5w2teiufnurldr7f7p2pomz3h6koynia",
            "route_rules": [
              {
                "cidr_block": "",
                "description": "Routing Rule for Nat Gateway",
                "destination": "0.0.0.0/0",
                "destination_type": "CIDR_BLOCK",
                "network_entity_id": "ocid1.natgateway.oc1.af-johannesburg-1.aaaaaaaatldvxybyvebue467rofhsav4cr22hqfwbor7736lmedwad75y7vq"
              },
              {
                "cidr_block": "",
                "description": "Routing Rule for service Gateway",
                "destination": "all-jnb-services-in-oracle-services-network",
                "destination_type": "SERVICE_CIDR_BLOCK",
                "network_entity_id": "ocid1.servicegateway.oc1.af-johannesburg-1.aaaaaaaagnwejjmh7dbqxeywtdmzcj7gdt6sbv3ebrp72bs4ca6jiadcjr7q"
              }
            ],
            "state": "AVAILABLE",
            "time_created": "2022-05-05 05:28:25.681 +0000 UTC",
            "timeouts": null,
            "vcn_id": "ocid1.vcn.oc1.af-johannesburg-1.amaaaaaap77apcqakp4dlj3tfct2lvww3dhhwb6ryqdosjpuuod2bc4hr7iq"
          },
          "sensitive_attributes": [],
          "private": "eyJlMmJmYjczMC1lY2FhLTExZTYtOGY4OC0zNDM2M2JjN2M0YzAiOnsiY3JlYXRlIjoxMjAwMDAwMDAwMDAwLCJkZWxldGUiOjEyMDAwMDAwMDAwMDAsInVwZGF0ZSI6MTIwMDAwMDAwMDAwMH19",
          "dependencies": [
            "data.oci_core_services.dev_services",
            "oci_core_nat_gateway.nat_gateway",
            "oci_core_service_gateway.service_gateway",
            "oci_core_vcn.vcn"
          ]
        }
      ]
    },
    {
      "mode": "managed",
      "type": "oci_core_route_table",
      "name": "route_table_dev_db_private",
      "provider": "provider[\"registry.terraform.io/hashicorp/oci\"]",
      "instances": [
        {
          "schema_version": 0,
          "attributes": {
            "compartment_id": "ocid1.compartment.oc1..aaaaaaaaowjsfc2lnzi4solhmeetq6l4qikxfuy5tfqswexoqpc5ndqgfd5a",
            "defined_tags": {
              "Oracle-Tags.CreatedBy": "oracleidentitycloudservice/shadab.mohammad@oracle.com",
              "Oracle-Tags.CreatedOn": "2022-05-05T05:28:25.583Z",
              "Oracle-Tags.CreatorType": "user"
            },
            "display_name": "DEV_DB_Private_Subnet_RT",
            "freeform_tags": {},
            "id": "ocid1.routetable.oc1.af-johannesburg-1.aaaaaaaazu5yocmnwbg2haqsqinl4tdabuyqalxgrpyeyrzp6hngdxuzwhsa",
            "route_rules": [
              {
                "cidr_block": "",
                "description": "Routing Rule for Nat Gateway",
                "destination": "0.0.0.0/0",
                "destination_type": "CIDR_BLOCK",
                "network_entity_id": "ocid1.natgateway.oc1.af-johannesburg-1.aaaaaaaatldvxybyvebue467rofhsav4cr22hqfwbor7736lmedwad75y7vq"
              },
              {
                "cidr_block": "",
                "description": "Routing Rule for service Gateway",
                "destination": "all-jnb-services-in-oracle-services-network",
                "destination_type": "SERVICE_CIDR_BLOCK",
                "network_entity_id": "ocid1.servicegateway.oc1.af-johannesburg-1.aaaaaaaagnwejjmh7dbqxeywtdmzcj7gdt6sbv3ebrp72bs4ca6jiadcjr7q"
              }
            ],
            "state": "AVAILABLE",
            "time_created": "2022-05-05 05:28:25.613 +0000 UTC",
            "timeouts": null,
            "vcn_id": "ocid1.vcn.oc1.af-johannesburg-1.amaaaaaap77apcqakp4dlj3tfct2lvww3dhhwb6ryqdosjpuuod2bc4hr7iq"
          },
          "sensitive_attributes": [],
          "private": "eyJlMmJmYjczMC1lY2FhLTExZTYtOGY4OC0zNDM2M2JjN2M0YzAiOnsiY3JlYXRlIjoxMjAwMDAwMDAwMDAwLCJkZWxldGUiOjEyMDAwMDAwMDAwMDAsInVwZGF0ZSI6MTIwMDAwMDAwMDAwMH19",
          "dependencies": [
            "data.oci_core_services.dev_services",
            "oci_core_nat_gateway.nat_gateway",
            "oci_core_service_gateway.service_gateway",
            "oci_core_vcn.vcn"
          ]
        }
      ]
    },
    {
      "mode": "managed",
      "type": "oci_core_route_table",
      "name": "route_table_dev_public",
      "provider": "provider[\"registry.terraform.io/hashicorp/oci\"]",
      "instances": [
        {
          "schema_version": 0,
          "attributes": {
            "compartment_id": "ocid1.compartment.oc1..aaaaaaaaowjsfc2lnzi4solhmeetq6l4qikxfuy5tfqswexoqpc5ndqgfd5a",
            "defined_tags": {
              "Oracle-Tags.CreatedBy": "oracleidentitycloudservice/shadab.mohammad@oracle.com",
              "Oracle-Tags.CreatedOn": "2022-05-05T05:28:23.305Z",
              "Oracle-Tags.CreatorType": "user"
            },
            "display_name": "DEV_Public_Subnet_RT",
            "freeform_tags": {},
            "id": "ocid1.routetable.oc1.af-johannesburg-1.aaaaaaaaaerbkckzflgithecuprwzxvorgfyltxsdiasqn732idqprsyafta",
            "route_rules": [
              {
                "cidr_block": "",
                "description": "Routing Rule for Internet access",
                "destination": "0.0.0.0/0",
                "destination_type": "CIDR_BLOCK",
                "network_entity_id": "ocid1.internetgateway.oc1.af-johannesburg-1.aaaaaaaajlsqpwwsu7pfe2fquoekechinxxwkzhtveyvty7anwgsb2dsivsq"
              }
            ],
            "state": "AVAILABLE",
            "time_created": "2022-05-05 05:28:23.332 +0000 UTC",
            "timeouts": null,
            "vcn_id": "ocid1.vcn.oc1.af-johannesburg-1.amaaaaaap77apcqakp4dlj3tfct2lvww3dhhwb6ryqdosjpuuod2bc4hr7iq"
          },
          "sensitive_attributes": [],
          "private": "eyJlMmJmYjczMC1lY2FhLTExZTYtOGY4OC0zNDM2M2JjN2M0YzAiOnsiY3JlYXRlIjoxMjAwMDAwMDAwMDAwLCJkZWxldGUiOjEyMDAwMDAwMDAwMDAsInVwZGF0ZSI6MTIwMDAwMDAwMDAwMH19",
          "dependencies": [
            "oci_core_internet_gateway.internet_gateway",
            "oci_core_vcn.vcn"
          ]
        }
      ]
    },
    {
      "mode": "managed",
      "type": "oci_core_security_list",
      "name": "security_list_app_private",
      "provider": "provider[\"registry.terraform.io/hashicorp/oci\"]",
      "instances": [
        {
          "schema_version": 0,
          "attributes": {
            "compartment_id": "ocid1.compartment.oc1..aaaaaaaaowjsfc2lnzi4solhmeetq6l4qikxfuy5tfqswexoqpc5ndqgfd5a",
            "defined_tags": {
              "Oracle-Tags.CreatedBy": "oracleidentitycloudservice/shadab.mohammad@oracle.com",
              "Oracle-Tags.CreatedOn": "2022-05-05T05:28:22.713Z",
              "Oracle-Tags.CreatorType": "user"
            },
            "display_name": "DEV_APP_Private_Subnet_SL",
            "egress_security_rules": [
              {
                "description": "",
                "destination": "0.0.0.0/0",
                "destination_type": "CIDR_BLOCK",
                "icmp_options": [],
                "protocol": "all",
                "stateless": false,
                "tcp_options": [],
                "udp_options": []
              }
            ],
            "freeform_tags": {},
            "id": "ocid1.securitylist.oc1.af-johannesburg-1.aaaaaaaa52cnfuyfltywro2aljgfv35fnfdbvbwl44tza7jfb2ov7nrwf4oq",
            "ingress_security_rules": [
              {
                "description": "",
                "icmp_options": [
                  {
                    "code": 0,
                    "type": 3
                  }
                ],
                "protocol": "1",
                "source": "0.0.0.0/0",
                "source_type": "CIDR_BLOCK",
                "stateless": false,
                "tcp_options": [],
                "udp_options": []
              },
              {
                "description": "",
                "icmp_options": [
                  {
                    "code": 4,
                    "type": 3
                  }
                ],
                "protocol": "1",
                "source": "0.0.0.0/0",
                "source_type": "CIDR_BLOCK",
                "stateless": false,
                "tcp_options": [],
                "udp_options": []
              },
              {
                "description": "",
                "icmp_options": [],
                "protocol": "6",
                "source": "0.0.0.0/0",
                "source_type": "CIDR_BLOCK",
                "stateless": false,
                "tcp_options": [
                  {
                    "max": 22,
                    "min": 22,
                    "source_port_range": []
                  }
                ],
                "udp_options": []
              },
              {
                "description": "",
                "icmp_options": [],
                "protocol": "6",
                "source": "10.30.1.0/24",
                "source_type": "CIDR_BLOCK",
                "stateless": false,
                "tcp_options": [
                  {
                    "max": null,
                    "min": null,
                    "source_port_range": null
                  }
                ],
                "udp_options": []
              }
            ],
            "state": "AVAILABLE",
            "time_created": "2022-05-05 05:28:22.815 +0000 UTC",
            "timeouts": null,
            "vcn_id": "ocid1.vcn.oc1.af-johannesburg-1.amaaaaaap77apcqakp4dlj3tfct2lvww3dhhwb6ryqdosjpuuod2bc4hr7iq"
          },
          "sensitive_attributes": [],
          "private": "eyJlMmJmYjczMC1lY2FhLTExZTYtOGY4OC0zNDM2M2JjN2M0YzAiOnsiY3JlYXRlIjoxMjAwMDAwMDAwMDAwLCJkZWxldGUiOjEyMDAwMDAwMDAwMDAsInVwZGF0ZSI6MTIwMDAwMDAwMDAwMH19",
          "dependencies": [
            "oci_core_vcn.vcn"
          ]
        }
      ]
    },
    {
      "mode": "managed",
      "type": "oci_core_security_list",
      "name": "security_list_dev_db_private",
      "provider": "provider[\"registry.terraform.io/hashicorp/oci\"]",
      "instances": [
        {
          "schema_version": 0,
          "attributes": {
            "compartment_id": "ocid1.compartment.oc1..aaaaaaaaowjsfc2lnzi4solhmeetq6l4qikxfuy5tfqswexoqpc5ndqgfd5a",
            "defined_tags": {
              "Oracle-Tags.CreatedBy": "oracleidentitycloudservice/shadab.mohammad@oracle.com",
              "Oracle-Tags.CreatedOn": "2022-05-05T05:28:22.707Z",
              "Oracle-Tags.CreatorType": "user"
            },
            "display_name": "DEV_DB_Private_Subnet_SL",
            "egress_security_rules": [
              {
                "description": "",
                "destination": "0.0.0.0/0",
                "destination_type": "CIDR_BLOCK",
                "icmp_options": [],
                "protocol": "all",
                "stateless": false,
                "tcp_options": [],
                "udp_options": []
              }
            ],
            "freeform_tags": {},
            "id": "ocid1.securitylist.oc1.af-johannesburg-1.aaaaaaaahmb76uuxlrzvmrrnezqvy4ou3fssvra2czpoupnibpngx6qxfnja",
            "ingress_security_rules": [
              {
                "description": "",
                "icmp_options": [
                  {
                    "code": 0,
                    "type": 3
                  }
                ],
                "protocol": "1",
                "source": "0.0.0.0/0",
                "source_type": "CIDR_BLOCK",
                "stateless": false,
                "tcp_options": [],
                "udp_options": []
              },
              {
                "description": "",
                "icmp_options": [
                  {
                    "code": 4,
                    "type": 3
                  }
                ],
                "protocol": "1",
                "source": "0.0.0.0/0",
                "source_type": "CIDR_BLOCK",
                "stateless": false,
                "tcp_options": [],
                "udp_options": []
              },
              {
                "description": "",
                "icmp_options": [],
                "protocol": "6",
                "source": "0.0.0.0/0",
                "source_type": "CIDR_BLOCK",
                "stateless": false,
                "tcp_options": [
                  {
                    "max": 22,
                    "min": 22,
                    "source_port_range": []
                  }
                ],
                "udp_options": []
              },
              {
                "description": "",
                "icmp_options": [],
                "protocol": "6",
                "source": "10.30.1.0/24",
                "source_type": "CIDR_BLOCK",
                "stateless": false,
                "tcp_options": [
                  {
                    "max": null,
                    "min": null,
                    "source_port_range": null
                  }
                ],
                "udp_options": []
              },
              {
                "description": "",
                "icmp_options": [],
                "protocol": "6",
                "source": "10.30.3.0/24",
                "source_type": "CIDR_BLOCK",
                "stateless": false,
                "tcp_options": [
                  {
                    "max": 1521,
                    "min": 1521,
                    "source_port_range": []
                  }
                ],
                "udp_options": []
              }
            ],
            "state": "AVAILABLE",
            "time_created": "2022-05-05 05:28:22.736 +0000 UTC",
            "timeouts": null,
            "vcn_id": "ocid1.vcn.oc1.af-johannesburg-1.amaaaaaap77apcqakp4dlj3tfct2lvww3dhhwb6ryqdosjpuuod2bc4hr7iq"
          },
          "sensitive_attributes": [],
          "private": "eyJlMmJmYjczMC1lY2FhLTExZTYtOGY4OC0zNDM2M2JjN2M0YzAiOnsiY3JlYXRlIjoxMjAwMDAwMDAwMDAwLCJkZWxldGUiOjEyMDAwMDAwMDAwMDAsInVwZGF0ZSI6MTIwMDAwMDAwMDAwMH19",
          "dependencies": [
            "oci_core_vcn.vcn"
          ]
        }
      ]
    },
    {
      "mode": "managed",
      "type": "oci_core_security_list",
      "name": "security_list_dev_public",
      "provider": "provider[\"registry.terraform.io/hashicorp/oci\"]",
      "instances": [
        {
          "schema_version": 0,
          "attributes": {
            "compartment_id": "ocid1.compartment.oc1..aaaaaaaaowjsfc2lnzi4solhmeetq6l4qikxfuy5tfqswexoqpc5ndqgfd5a",
            "defined_tags": {
              "Oracle-Tags.CreatedBy": "oracleidentitycloudservice/shadab.mohammad@oracle.com",
              "Oracle-Tags.CreatedOn": "2022-05-05T05:28:22.707Z",
              "Oracle-Tags.CreatorType": "user"
            },
            "display_name": "DEV_Public_Subnet_SL",
            "egress_security_rules": [
              {
                "description": "",
                "destination": "0.0.0.0/0",
                "destination_type": "CIDR_BLOCK",
                "icmp_options": [],
                "protocol": "all",
                "stateless": false,
                "tcp_options": [],
                "udp_options": []
              }
            ],
            "freeform_tags": {},
            "id": "ocid1.securitylist.oc1.af-johannesburg-1.aaaaaaaaqqktpd7c2xjt7wehapkzqigqhlkezdrih675vdnwfwgdgkcu6gaa",
            "ingress_security_rules": [
              {
                "description": "",
                "icmp_options": [
                  {
                    "code": 0,
                    "type": 3
                  }
                ],
                "protocol": "1",
                "source": "0.0.0.0/0",
                "source_type": "CIDR_BLOCK",
                "stateless": false,
                "tcp_options": [],
                "udp_options": []
              },
              {
                "description": "",
                "icmp_options": [
                  {
                    "code": 4,
                    "type": 3
                  }
                ],
                "protocol": "1",
                "source": "0.0.0.0/0",
                "source_type": "CIDR_BLOCK",
                "stateless": false,
                "tcp_options": [],
                "udp_options": []
              },
              {
                "description": "",
                "icmp_options": [],
                "protocol": "6",
                "source": "0.0.0.0/0",
                "source_type": "CIDR_BLOCK",
                "stateless": false,
                "tcp_options": [
                  {
                    "max": 443,
                    "min": 443,
                    "source_port_range": []
                  }
                ],
                "udp_options": []
              }
            ],
            "state": "AVAILABLE",
            "time_created": "2022-05-05 05:28:22.886 +0000 UTC",
            "timeouts": null,
            "vcn_id": "ocid1.vcn.oc1.af-johannesburg-1.amaaaaaap77apcqakp4dlj3tfct2lvww3dhhwb6ryqdosjpuuod2bc4hr7iq"
          },
          "sensitive_attributes": [],
          "private": "eyJlMmJmYjczMC1lY2FhLTExZTYtOGY4OC0zNDM2M2JjN2M0YzAiOnsiY3JlYXRlIjoxMjAwMDAwMDAwMDAwLCJkZWxldGUiOjEyMDAwMDAwMDAwMDAsInVwZGF0ZSI6MTIwMDAwMDAwMDAwMH19",
          "dependencies": [
            "oci_core_vcn.vcn"
          ]
        }
      ]
    },
    {
      "mode": "managed",
      "type": "oci_core_service_gateway",
      "name": "service_gateway",
      "provider": "provider[\"registry.terraform.io/hashicorp/oci\"]",
      "instances": [
        {
          "schema_version": 0,
          "attributes": {
            "block_traffic": false,
            "compartment_id": "ocid1.compartment.oc1..aaaaaaaaowjsfc2lnzi4solhmeetq6l4qikxfuy5tfqswexoqpc5ndqgfd5a",
            "defined_tags": {
              "Oracle-Tags.CreatedBy": "oracleidentitycloudservice/shadab.mohammad@oracle.com",
              "Oracle-Tags.CreatedOn": "2022-05-05T05:28:21.864Z",
              "Oracle-Tags.CreatorType": "user"
            },
            "display_name": "GG_DEV_VCN_ServiceGateway",
            "freeform_tags": {},
            "id": "ocid1.servicegateway.oc1.af-johannesburg-1.aaaaaaaagnwejjmh7dbqxeywtdmzcj7gdt6sbv3ebrp72bs4ca6jiadcjr7q",
            "route_table_id": null,
            "services": [
              {
                "service_id": "ocid1.service.oc1.af-johannesburg-1.aaaaaaaautgvdbz6cqm7fw5og56g7ytwsbf2uuhtygnom7bpbqvwh6x42b6q",
                "service_name": "All JNB Services In Oracle Services Network"
              }
            ],
            "state": "AVAILABLE",
            "time_created": "2022-05-05 05:28:22.498 +0000 UTC",
            "timeouts": null,
            "vcn_id": "ocid1.vcn.oc1.af-johannesburg-1.amaaaaaap77apcqakp4dlj3tfct2lvww3dhhwb6ryqdosjpuuod2bc4hr7iq"
          },
          "sensitive_attributes": [],
          "private": "eyJlMmJmYjczMC1lY2FhLTExZTYtOGY4OC0zNDM2M2JjN2M0YzAiOnsiY3JlYXRlIjoxMjAwMDAwMDAwMDAwLCJkZWxldGUiOjEyMDAwMDAwMDAwMDAsInVwZGF0ZSI6MTIwMDAwMDAwMDAwMH19",
          "dependencies": [
            "data.oci_core_services.dev_services",
            "oci_core_vcn.vcn"
          ]
        }
      ]
    },
    {
      "mode": "managed",
      "type": "oci_core_subnet",
      "name": "subnet_dev_APP_private",
      "provider": "provider[\"registry.terraform.io/hashicorp/oci\"]",
      "instances": [
        {
          "schema_version": 0,
          "attributes": {
            "availability_domain": null,
            "cidr_block": "10.30.3.0/24",
            "compartment_id": "ocid1.compartment.oc1..aaaaaaaaowjsfc2lnzi4solhmeetq6l4qikxfuy5tfqswexoqpc5ndqgfd5a",
            "defined_tags": {
              "Oracle-Tags.CreatedBy": "oracleidentitycloudservice/shadab.mohammad@oracle.com",
              "Oracle-Tags.CreatedOn": "2022-05-05T05:28:27.402Z",
              "Oracle-Tags.CreatorType": "user"
            },
            "dhcp_options_id": "ocid1.dhcpoptions.oc1.af-johannesburg-1.aaaaaaaangicqj7ymnh4dzyvan7ragztbyo7yf2ozo35lpg44fbqaazu5puq",
            "display_name": "DEV_APP_Private_Subnet",
            "dns_label": "devapppvtsubnet",
            "freeform_tags": {},
            "id": "ocid1.subnet.oc1.af-johannesburg-1.aaaaaaaabhf4cn3bkhcgnf77f6z2w35ssnsuko3goown3zgxo6paur3mf24q",
            "ipv6cidr_block": null,
            "ipv6cidr_blocks": [],
            "ipv6virtual_router_ip": null,
            "prohibit_internet_ingress": true,
            "prohibit_public_ip_on_vnic": true,
            "route_table_id": "ocid1.routetable.oc1.af-johannesburg-1.aaaaaaaabuxpysuewl6xicrad2ph5w2teiufnurldr7f7p2pomz3h6koynia",
            "security_list_ids": [
              "ocid1.securitylist.oc1.af-johannesburg-1.aaaaaaaa52cnfuyfltywro2aljgfv35fnfdbvbwl44tza7jfb2ov7nrwf4oq"
            ],
            "state": "AVAILABLE",
            "subnet_domain_name": "devapppvtsubnet.ggdemo.oraclevcn.com",
            "time_created": "2022-05-05 05:28:27.703 +0000 UTC",
            "timeouts": null,
            "vcn_id": "ocid1.vcn.oc1.af-johannesburg-1.amaaaaaap77apcqakp4dlj3tfct2lvww3dhhwb6ryqdosjpuuod2bc4hr7iq",
            "virtual_router_ip": "10.30.3.1",
            "virtual_router_mac": "00:00:17:FA:28:96"
          },
          "sensitive_attributes": [],
          "private": "eyJlMmJmYjczMC1lY2FhLTExZTYtOGY4OC0zNDM2M2JjN2M0YzAiOnsiY3JlYXRlIjoxMjAwMDAwMDAwMDAwLCJkZWxldGUiOjEyMDAwMDAwMDAwMDAsInVwZGF0ZSI6MTIwMDAwMDAwMDAwMH19",
          "dependencies": [
            "data.oci_core_services.dev_services",
            "oci_core_nat_gateway.nat_gateway",
            "oci_core_route_table.route_table_dev_app_private",
            "oci_core_security_list.security_list_app_private",
            "oci_core_service_gateway.service_gateway",
            "oci_core_vcn.vcn"
          ]
        }
      ]
    },
    {
      "mode": "managed",
      "type": "oci_core_subnet",
      "name": "subnet_dev_DB_private",
      "provider": "provider[\"registry.terraform.io/hashicorp/oci\"]",
      "instances": [
        {
          "schema_version": 0,
          "attributes": {
            "availability_domain": null,
            "cidr_block": "10.30.2.0/24",
            "compartment_id": "ocid1.compartment.oc1..aaaaaaaaowjsfc2lnzi4solhmeetq6l4qikxfuy5tfqswexoqpc5ndqgfd5a",
            "defined_tags": {
              "Oracle-Tags.CreatedBy": "oracleidentitycloudservice/shadab.mohammad@oracle.com",
              "Oracle-Tags.CreatedOn": "2022-05-05T05:28:27.402Z",
              "Oracle-Tags.CreatorType": "user"
            },
            "dhcp_options_id": "ocid1.dhcpoptions.oc1.af-johannesburg-1.aaaaaaaangicqj7ymnh4dzyvan7ragztbyo7yf2ozo35lpg44fbqaazu5puq",
            "display_name": "DEV_DB_Private_Subnet",
            "dns_label": "devdbpvtsubnet",
            "freeform_tags": {},
            "id": "ocid1.subnet.oc1.af-johannesburg-1.aaaaaaaatdppljcdj7lor7p2q2i75goh25xgiyeg56a2ygre3n3sxu65qpfq",
            "ipv6cidr_block": null,
            "ipv6cidr_blocks": [],
            "ipv6virtual_router_ip": null,
            "prohibit_internet_ingress": true,
            "prohibit_public_ip_on_vnic": true,
            "route_table_id": "ocid1.routetable.oc1.af-johannesburg-1.aaaaaaaazu5yocmnwbg2haqsqinl4tdabuyqalxgrpyeyrzp6hngdxuzwhsa",
            "security_list_ids": [
              "ocid1.securitylist.oc1.af-johannesburg-1.aaaaaaaahmb76uuxlrzvmrrnezqvy4ou3fssvra2czpoupnibpngx6qxfnja"
            ],
            "state": "AVAILABLE",
            "subnet_domain_name": "devdbpvtsubnet.ggdemo.oraclevcn.com",
            "time_created": "2022-05-05 05:28:27.449 +0000 UTC",
            "timeouts": null,
            "vcn_id": "ocid1.vcn.oc1.af-johannesburg-1.amaaaaaap77apcqakp4dlj3tfct2lvww3dhhwb6ryqdosjpuuod2bc4hr7iq",
            "virtual_router_ip": "10.30.2.1",
            "virtual_router_mac": "00:00:17:FA:28:96"
          },
          "sensitive_attributes": [],
          "private": "eyJlMmJmYjczMC1lY2FhLTExZTYtOGY4OC0zNDM2M2JjN2M0YzAiOnsiY3JlYXRlIjoxMjAwMDAwMDAwMDAwLCJkZWxldGUiOjEyMDAwMDAwMDAwMDAsInVwZGF0ZSI6MTIwMDAwMDAwMDAwMH19",
          "dependencies": [
            "data.oci_core_services.dev_services",
            "oci_core_nat_gateway.nat_gateway",
            "oci_core_route_table.route_table_dev_db_private",
            "oci_core_security_list.security_list_dev_db_private",
            "oci_core_service_gateway.service_gateway",
            "oci_core_vcn.vcn"
          ]
        }
      ]
    },
    {
      "mode": "managed",
      "type": "oci_core_subnet",
      "name": "subnet_dev_public",
      "provider": "provider[\"registry.terraform.io/hashicorp/oci\"]",
      "instances": [
        {
          "schema_version": 0,
          "attributes": {
            "availability_domain": null,
            "cidr_block": "10.30.1.0/24",
            "compartment_id": "ocid1.compartment.oc1..aaaaaaaaowjsfc2lnzi4solhmeetq6l4qikxfuy5tfqswexoqpc5ndqgfd5a",
            "defined_tags": {
              "Oracle-Tags.CreatedBy": "oracleidentitycloudservice/shadab.mohammad@oracle.com",
              "Oracle-Tags.CreatedOn": "2022-05-05T05:28:25.178Z",
              "Oracle-Tags.CreatorType": "user"
            },
            "dhcp_options_id": "ocid1.dhcpoptions.oc1.af-johannesburg-1.aaaaaaaangicqj7ymnh4dzyvan7ragztbyo7yf2ozo35lpg44fbqaazu5puq",
            "display_name": "DEV_Public_Subnet",
            "dns_label": "devpubsubnet",
            "freeform_tags": {},
            "id": "ocid1.subnet.oc1.af-johannesburg-1.aaaaaaaazj5frz3zjnwg5mwaypsqskic6glmlgdadfckzcazncyilmqiel3a",
            "ipv6cidr_block": null,
            "ipv6cidr_blocks": [],
            "ipv6virtual_router_ip": null,
            "prohibit_internet_ingress": false,
            "prohibit_public_ip_on_vnic": false,
            "route_table_id": "ocid1.routetable.oc1.af-johannesburg-1.aaaaaaaaaerbkckzflgithecuprwzxvorgfyltxsdiasqn732idqprsyafta",
            "security_list_ids": [
              "ocid1.securitylist.oc1.af-johannesburg-1.aaaaaaaaqqktpd7c2xjt7wehapkzqigqhlkezdrih675vdnwfwgdgkcu6gaa"
            ],
            "state": "AVAILABLE",
            "subnet_domain_name": "devpubsubnet.ggdemo.oraclevcn.com",
            "time_created": "2022-05-05 05:28:25.224 +0000 UTC",
            "timeouts": null,
            "vcn_id": "ocid1.vcn.oc1.af-johannesburg-1.amaaaaaap77apcqakp4dlj3tfct2lvww3dhhwb6ryqdosjpuuod2bc4hr7iq",
            "virtual_router_ip": "10.30.1.1",
            "virtual_router_mac": "00:00:17:FA:28:96"
          },
          "sensitive_attributes": [],
          "private": "eyJlMmJmYjczMC1lY2FhLTExZTYtOGY4OC0zNDM2M2JjN2M0YzAiOnsiY3JlYXRlIjoxMjAwMDAwMDAwMDAwLCJkZWxldGUiOjEyMDAwMDAwMDAwMDAsInVwZGF0ZSI6MTIwMDAwMDAwMDAwMH19",
          "dependencies": [
            "oci_core_internet_gateway.internet_gateway",
            "oci_core_route_table.route_table_dev_public",
            "oci_core_security_list.security_list_dev_public",
            "oci_core_vcn.vcn"
          ]
        }
      ]
    },
    {
      "mode": "managed",
      "type": "oci_core_vcn",
      "name": "vcn",
      "provider": "provider[\"registry.terraform.io/hashicorp/oci\"]",
      "instances": [
        {
          "schema_version": 0,
          "attributes": {
            "byoipv6cidr_blocks": [],
            "byoipv6cidr_details": null,
            "cidr_block": "10.30.0.0/16",
            "cidr_blocks": [
              "10.30.0.0/16"
            ],
            "compartment_id": "ocid1.compartment.oc1..aaaaaaaaowjsfc2lnzi4solhmeetq6l4qikxfuy5tfqswexoqpc5ndqgfd5a",
            "default_dhcp_options_id": "ocid1.dhcpoptions.oc1.af-johannesburg-1.aaaaaaaangicqj7ymnh4dzyvan7ragztbyo7yf2ozo35lpg44fbqaazu5puq",
            "default_route_table_id": "ocid1.routetable.oc1.af-johannesburg-1.aaaaaaaaixve6jcq6cefnldw5zfleq5od4t3dqvfgaxj43hcp3ixwqmnoura",
            "default_security_list_id": "ocid1.securitylist.oc1.af-johannesburg-1.aaaaaaaaj7wfltgcln2vmbmrmx7jsl64rduxo5tuhjh4wb5b7atqe3i2rb2q",
            "defined_tags": {
              "Oracle-Tags.CreatedBy": "oracleidentitycloudservice/shadab.mohammad@oracle.com",
              "Oracle-Tags.CreatedOn": "2022-05-05T05:28:17.612Z",
              "Oracle-Tags.CreatorType": "user"
            },
            "display_name": "GG_DEV_VCN",
            "dns_label": "ggdemo",
            "freeform_tags": {},
            "id": "ocid1.vcn.oc1.af-johannesburg-1.amaaaaaap77apcqakp4dlj3tfct2lvww3dhhwb6ryqdosjpuuod2bc4hr7iq",
            "ipv6cidr_blocks": [],
            "ipv6private_cidr_blocks": [],
            "is_ipv6enabled": false,
            "is_oracle_gua_allocation_enabled": null,
            "state": "AVAILABLE",
            "time_created": "2022-05-05 05:28:17.745 +0000 UTC",
            "timeouts": null,
            "vcn_domain_name": "ggdemo.oraclevcn.com"
          },
          "sensitive_attributes": [],
          "private": "eyJlMmJmYjczMC1lY2FhLTExZTYtOGY4OC0zNDM2M2JjN2M0YzAiOnsiY3JlYXRlIjoxMjAwMDAwMDAwMDAwLCJkZWxldGUiOjEyMDAwMDAwMDAwMDAsInVwZGF0ZSI6MTIwMDAwMDAwMDAwMH19"
        }
      ]
    },
    {
      "mode": "managed",
      "type": "oci_golden_gate_deployment",
      "name": "test_deployment",
      "provider": "provider[\"registry.terraform.io/hashicorp/oci\"]",
      "instances": [
        {
          "schema_version": 0,
          "attributes": {
            "compartment_id": "ocid1.compartment.oc1..aaaaaaaaowjsfc2lnzi4solhmeetq6l4qikxfuy5tfqswexoqpc5ndqgfd5a",
            "cpu_core_count": 1,
            "defined_tags": {
              "Oracle-Tags.CreatedBy": "oracleidentitycloudservice/shadab.mohammad@oracle.com",
              "Oracle-Tags.CreatedOn": "2022-05-05T05:28:34.079Z",
              "Oracle-Tags.CreatorType": "user"
            },
            "deployment_backup_id": null,
            "deployment_type": "OGG",
            "deployment_url": "https://fphxrat7lxmq.deployment.goldengate.af-johannesburg-1.oci.oraclecloud.com/",
            "description": null,
            "display_name": "OGGDEMO",
            "fqdn": "fphxrat7lxmq.deployment.goldengate.af-johannesburg-1.oci.oraclecloud.com",
            "freeform_tags": {},
            "id": "ocid1.goldengatedeployment.oc1.af-johannesburg-1.amaaaaaap77apcqakazq75nsmhiehnqp6sruehuhikqk2y7tfphxrat7lxmq",
            "is_auto_scaling_enabled": false,
            "is_healthy": true,
            "is_latest_version": true,
            "is_public": true,
            "is_storage_utilization_limit_exceeded": false,
            "license_model": "LICENSE_INCLUDED",
            "lifecycle_details": null,
            "lifecycle_sub_state": "",
            "nsg_ids": [],
            "ogg_data": [
              {
                "admin_password": "CIn_4gsorOMb",
                "admin_username": "ggadmin",
                "certificate": "",
                "deployment_name": "deployment",
                "key": "",
                "ogg_version": "oggcore_21.5.0.0.0_platforms_220309.2039:545"
              }
            ],
            "private_ip_address": "10.30.1.239",
            "public_ip_address": "129.149.66.87",
            "state": "ACTIVE",
            "storage_utilization_in_bytes": "0",
            "subnet_id": "ocid1.subnet.oc1.af-johannesburg-1.aaaaaaaazj5frz3zjnwg5mwaypsqskic6glmlgdadfckzcazncyilmqiel3a",
            "system_tags": {},
            "time_created": "2022-05-05 05:28:41.865 +0000 UTC",
            "time_updated": "2022-05-05 05:28:41.865 +0000 UTC",
            "time_upgrade_required": null,
            "timeouts": null
          },
          "sensitive_attributes": [],
          "private": "eyJlMmJmYjczMC1lY2FhLTExZTYtOGY4OC0zNDM2M2JjN2M0YzAiOnsiY3JlYXRlIjo1NDAwMDAwMDAwMDAwLCJkZWxldGUiOjE4MDAwMDAwMDAwMDAsInVwZGF0ZSI6MzYwMDAwMDAwMDAwMH19",
          "dependencies": [
            "oci_core_internet_gateway.internet_gateway",
            "oci_core_route_table.route_table_dev_public",
            "oci_core_security_list.security_list_dev_public",
            "oci_core_subnet.subnet_dev_public",
            "oci_core_vcn.vcn",
            "random_string.goldengate_admin_password"
          ]
        }
      ]
    },
    {
      "mode": "managed",
      "type": "random_string",
      "name": "autonomous_data_warehouse_admin_password",
      "provider": "provider[\"registry.terraform.io/hashicorp/random\"]",
      "instances": [
        {
          "schema_version": 1,
          "attributes": {
            "id": "_5bgAZRzXHl0",
            "keepers": null,
            "length": 12,
            "lower": true,
            "min_lower": 1,
            "min_numeric": 1,
            "min_special": 1,
            "min_upper": 1,
            "number": true,
            "override_special": "#_",
            "result": "_5bgAZRzXHl0",
            "special": true,
            "upper": true
          },
          "sensitive_attributes": [],
          "private": "eyJzY2hlbWFfdmVyc2lvbiI6IjEifQ=="
        }
      ]
    },
    {
      "mode": "managed",
      "type": "random_string",
      "name": "goldengate_admin_password",
      "provider": "provider[\"registry.terraform.io/hashicorp/random\"]",
      "instances": [
        {
          "schema_version": 1,
          "attributes": {
            "id": "CIn_4gsorOMb",
            "keepers": null,
            "length": 12,
            "lower": true,
            "min_lower": 1,
            "min_numeric": 1,
            "min_special": 1,
            "min_upper": 1,
            "number": true,
            "override_special": "#_",
            "result": "CIn_4gsorOMb",
            "special": true,
            "upper": true
          },
          "sensitive_attributes": [],
          "private": "eyJzY2hlbWFfdmVyc2lvbiI6IjEifQ=="
        }
      ]
    }
  ]
}
